{
  "name": "orthomagic4ps",
  "version": "0.0.1",
  "lockfileVersion": 1,
  "requires": true,
  "dependencies": {
    "types-for-adobe": {
      "version": "3.0.0",
      "resolved": "https://registry.npmjs.org/types-for-adobe/-/types-for-adobe-3.0.0.tgz",
      "integrity": "sha512-6tDiphmxfUc7vEjw4jlnUN+e+3nEpho9Vx53aiX5YCgNctqfAUJWMfouTUP5OVqYFWPGjuGhYn+6oCcK5AEfhg==",
      "dev": true
    },
    "typescript": {
      "version": "3.9.3",
      "resolved": "https://registry.npmjs.org/typescript/-/typescript-3.9.3.tgz",
      "integrity": "sha512-D/wqnB2xzNFIcoBG9FG8cXRDjiqSTbG2wd8DMZeQyJlP1vfTkIxH4GKveWaEBYySKIg+USu+E+EDIR47SqnaMQ==",
      "dev": true
    }
  }
}
